
Microsoft Visual Studio Solution File, Format Version 12.00
# Visual Studio 14
VisualStudioVersion = 14.0.25123.0
MinimumVisualStudioVersion = 10.0.40219.1
Project("{2150E333-8FDC-42A3-9474-1A3956D46DE8}") = ".nuget", ".nuget", "{DFA48E27-7D53-4955-A722-3D91A7119BE7}"
	ProjectSection(SolutionItems) = preProject
		.nuget\NuGet.Config = .nuget\NuGet.Config
		.nuget\NuGet.exe = .nuget\NuGet.exe
		.nuget\NuGet.targets = .nuget\NuGet.targets
	EndProjectSection
EndProject
Project("{FAE04EC0-301F-11D3-BF4B-00C04F79EFBC}") = "HLL.HLX.BE.Core.Business", "HLL.HLX.BE.Core.Business\HLL.HLX.BE.Core.Business.csproj", "{17298EA0-AF73-4F30-B6F1-2066100D7D74}"
EndProject
Project("{FAE04EC0-301F-11D3-BF4B-00C04F79EFBC}") = "HLL.HLX.BE.Application", "HLL.HLX.BE.Application\HLL.HLX.BE.Application.csproj", "{EDF5D964-4C0F-4F19-B674-58A38A5E5401}"
EndProject
Project("{FAE04EC0-301F-11D3-BF4B-00C04F79EFBC}") = "HLL.HLX.BE.EntityFramework", "HLL.HLX.BE.EntityFramework\HLL.HLX.BE.EntityFramework.csproj", "{3979F157-DEB0-4878-AB1D-4CEF6B5A1300}"
EndProject
Project("{FAE04EC0-301F-11D3-BF4B-00C04F79EFBC}") = "HLL.HLX.BE.Web", "HLL.HLX.BE.Web\HLL.HLX.BE.Web.csproj", "{897F6FD8-6F90-48E4-95A5-B4429B896205}"
EndProject
Project("{FAE04EC0-301F-11D3-BF4B-00C04F79EFBC}") = "HLL.HLX.BE.WebApi", "HLL.HLX.BE.WebApi\HLL.HLX.BE.WebApi.csproj", "{5EB52D3D-09FD-463A-B02A-8D9856BD3724}"
EndProject
Project("{2150E333-8FDC-42A3-9474-1A3956D46DE8}") = "Test", "Test", "{7E85C7E5-70BD-4C9D-B052-D95955F46609}"
EndProject
Project("{FAE04EC0-301F-11D3-BF4B-00C04F79EFBC}") = "HLL.HLX.BE.Tests", "Tests\HLL.HLX.BE.Tests\HLL.HLX.BE.Tests.csproj", "{C602C47E-F379-40A3-A146-4F19105B3491}"
EndProject
Project("{FAE04EC0-301F-11D3-BF4B-00C04F79EFBC}") = "HLL.HLX.BE.Core.Model", "HLL.HLX.BE.Core.Model\HLL.HLX.BE.Core.Model.csproj", "{8459A2DE-38CC-4DA3-A0CB-BBDF199B021B}"
EndProject
Project("{2150E333-8FDC-42A3-9474-1A3956D46DE8}") = "Solution Items", "Solution Items", "{83B592AF-4F0D-43D7-A481-1AB04A7FD2C2}"
	ProjectSection(SolutionItems) = preProject
		EfMigrationCmd.txt = EfMigrationCmd.txt
	EndProjectSection
EndProject
Project("{FAE04EC0-301F-11D3-BF4B-00C04F79EFBC}") = "HLL.HLX.BE.Common", "HLL.HLX.BE.Common\HLL.HLX.BE.Common.csproj", "{4BEEFBBA-6CB8-4DF7-ACD7-012DF66927DD}"
EndProject
Project("{FAE04EC0-301F-11D3-BF4B-00C04F79EFBC}") = "HLL.HLX.BE.Common.Tests", "Tests\HLL.HLX.BE.Common.Tests\HLL.HLX.BE.Common.Tests.csproj", "{2539652B-1B12-4825-83BE-80B877C73FE9}"
EndProject
Project("{FAE04EC0-301F-11D3-BF4B-00C04F79EFBC}") = "HLL.HLX.BE.Common.TestApplication", "Tests\HLL.HLX.BE.Common.TestApplication\HLL.HLX.BE.Common.TestApplication.csproj", "{88A39337-8203-41AD-84FE-73A734282A18}"
EndProject
Global
	GlobalSection(SolutionConfigurationPlatforms) = preSolution
		Debug|Any CPU = Debug|Any CPU
		Debug|testx64 = Debug|testx64
		Debug|x64 = Debug|x64
		Debug|x86 = Debug|x86
		Release|Any CPU = Release|Any CPU
		Release|testx64 = Release|testx64
		Release|x64 = Release|x64
		Release|x86 = Release|x86
	EndGlobalSection
	GlobalSection(ProjectConfigurationPlatforms) = postSolution
		{17298EA0-AF73-4F30-B6F1-2066100D7D74}.Debug|Any CPU.ActiveCfg = Debug|Any CPU
		{17298EA0-AF73-4F30-B6F1-2066100D7D74}.Debug|Any CPU.Build.0 = Debug|Any CPU
		{17298EA0-AF73-4F30-B6F1-2066100D7D74}.Debug|testx64.ActiveCfg = Debug|Any CPU
		{17298EA0-AF73-4F30-B6F1-2066100D7D74}.Debug|testx64.Build.0 = Debug|Any CPU
		{17298EA0-AF73-4F30-B6F1-2066100D7D74}.Debug|x64.ActiveCfg = Debug|x64
		{17298EA0-AF73-4F30-B6F1-2066100D7D74}.Debug|x64.Build.0 = Debug|x64
		{17298EA0-AF73-4F30-B6F1-2066100D7D74}.Debug|x86.ActiveCfg = Debug|x86
		{17298EA0-AF73-4F30-B6F1-2066100D7D74}.Debug|x86.Build.0 = Debug|x86
		{17298EA0-AF73-4F30-B6F1-2066100D7D74}.Release|Any CPU.ActiveCfg = Release|Any CPU
		{17298EA0-AF73-4F30-B6F1-2066100D7D74}.Release|Any CPU.Build.0 = Release|Any CPU
		{17298EA0-AF73-4F30-B6F1-2066100D7D74}.Release|testx64.ActiveCfg = Release|Any CPU
		{17298EA0-AF73-4F30-B6F1-2066100D7D74}.Release|testx64.Build.0 = Release|Any CPU
		{17298EA0-AF73-4F30-B6F1-2066100D7D74}.Release|x64.ActiveCfg = Release|x64
		{17298EA0-AF73-4F30-B6F1-2066100D7D74}.Release|x64.Build.0 = Release|x64
		{17298EA0-AF73-4F30-B6F1-2066100D7D74}.Release|x86.ActiveCfg = Release|x86
		{17298EA0-AF73-4F30-B6F1-2066100D7D74}.Release|x86.Build.0 = Release|x86
		{EDF5D964-4C0F-4F19-B674-58A38A5E5401}.Debug|Any CPU.ActiveCfg = Debug|Any CPU
		{EDF5D964-4C0F-4F19-B674-58A38A5E5401}.Debug|Any CPU.Build.0 = Debug|Any CPU
		{EDF5D964-4C0F-4F19-B674-58A38A5E5401}.Debug|testx64.ActiveCfg = Debug|Any CPU
		{EDF5D964-4C0F-4F19-B674-58A38A5E5401}.Debug|testx64.Build.0 = Debug|Any CPU
		{EDF5D964-4C0F-4F19-B674-58A38A5E5401}.Debug|x64.ActiveCfg = Debug|x64
		{EDF5D964-4C0F-4F19-B674-58A38A5E5401}.Debug|x64.Build.0 = Debug|x64
		{EDF5D964-4C0F-4F19-B674-58A38A5E5401}.Debug|x86.ActiveCfg = Debug|x86
		{EDF5D964-4C0F-4F19-B674-58A38A5E5401}.Debug|x86.Build.0 = Debug|x86
		{EDF5D964-4C0F-4F19-B674-58A38A5E5401}.Release|Any CPU.ActiveCfg = Release|Any CPU
		{EDF5D964-4C0F-4F19-B674-58A38A5E5401}.Release|Any CPU.Build.0 = Release|Any CPU
		{EDF5D964-4C0F-4F19-B674-58A38A5E5401}.Release|testx64.ActiveCfg = Release|Any CPU
		{EDF5D964-4C0F-4F19-B674-58A38A5E5401}.Release|testx64.Build.0 = Release|Any CPU
		{EDF5D964-4C0F-4F19-B674-58A38A5E5401}.Release|x64.ActiveCfg = Release|x64
		{EDF5D964-4C0F-4F19-B674-58A38A5E5401}.Release|x64.Build.0 = Release|x64
		{EDF5D964-4C0F-4F19-B674-58A38A5E5401}.Release|x86.ActiveCfg = Release|x86
		{EDF5D964-4C0F-4F19-B674-58A38A5E5401}.Release|x86.Build.0 = Release|x86
		{3979F157-DEB0-4878-AB1D-4CEF6B5A1300}.Debug|Any CPU.ActiveCfg = Debug|Any CPU
		{3979F157-DEB0-4878-AB1D-4CEF6B5A1300}.Debug|Any CPU.Build.0 = Debug|Any CPU
		{3979F157-DEB0-4878-AB1D-4CEF6B5A1300}.Debug|testx64.ActiveCfg = Debug|Any CPU
		{3979F157-DEB0-4878-AB1D-4CEF6B5A1300}.Debug|testx64.Build.0 = Debug|Any CPU
		{3979F157-DEB0-4878-AB1D-4CEF6B5A1300}.Debug|x64.ActiveCfg = Debug|x64
		{3979F157-DEB0-4878-AB1D-4CEF6B5A1300}.Debug|x64.Build.0 = Debug|x64
		{3979F157-DEB0-4878-AB1D-4CEF6B5A1300}.Debug|x86.ActiveCfg = Debug|x86
		{3979F157-DEB0-4878-AB1D-4CEF6B5A1300}.Debug|x86.Build.0 = Debug|x86
		{3979F157-DEB0-4878-AB1D-4CEF6B5A1300}.Release|Any CPU.ActiveCfg = Release|Any CPU
		{3979F157-DEB0-4878-AB1D-4CEF6B5A1300}.Release|Any CPU.Build.0 = Release|Any CPU
		{3979F157-DEB0-4878-AB1D-4CEF6B5A1300}.Release|testx64.ActiveCfg = Release|Any CPU
		{3979F157-DEB0-4878-AB1D-4CEF6B5A1300}.Release|testx64.Build.0 = Release|Any CPU
		{3979F157-DEB0-4878-AB1D-4CEF6B5A1300}.Release|x64.ActiveCfg = Release|x64
		{3979F157-DEB0-4878-AB1D-4CEF6B5A1300}.Release|x64.Build.0 = Release|x64
		{3979F157-DEB0-4878-AB1D-4CEF6B5A1300}.Release|x86.ActiveCfg = Release|x86
		{3979F157-DEB0-4878-AB1D-4CEF6B5A1300}.Release|x86.Build.0 = Release|x86
		{897F6FD8-6F90-48E4-95A5-B4429B896205}.Debug|Any CPU.ActiveCfg = Debug|Any CPU
		{897F6FD8-6F90-48E4-95A5-B4429B896205}.Debug|Any CPU.Build.0 = Debug|Any CPU
		{897F6FD8-6F90-48E4-95A5-B4429B896205}.Debug|testx64.ActiveCfg = Debug|Any CPU
		{897F6FD8-6F90-48E4-95A5-B4429B896205}.Debug|testx64.Build.0 = Debug|Any CPU
		{897F6FD8-6F90-48E4-95A5-B4429B896205}.Debug|x64.ActiveCfg = Debug|x64
		{897F6FD8-6F90-48E4-95A5-B4429B896205}.Debug|x64.Build.0 = Debug|x64
		{897F6FD8-6F90-48E4-95A5-B4429B896205}.Debug|x86.ActiveCfg = Debug|x86
		{897F6FD8-6F90-48E4-95A5-B4429B896205}.Debug|x86.Build.0 = Debug|x86
		{897F6FD8-6F90-48E4-95A5-B4429B896205}.Release|Any CPU.ActiveCfg = Release|Any CPU
		{897F6FD8-6F90-48E4-95A5-B4429B896205}.Release|Any CPU.Build.0 = Release|Any CPU
		{897F6FD8-6F90-48E4-95A5-B4429B896205}.Release|testx64.ActiveCfg = Release|Any CPU
		{897F6FD8-6F90-48E4-95A5-B4429B896205}.Release|testx64.Build.0 = Release|Any CPU
		{897F6FD8-6F90-48E4-95A5-B4429B896205}.Release|x64.ActiveCfg = Release|x64
		{897F6FD8-6F90-48E4-95A5-B4429B896205}.Release|x64.Build.0 = Release|x64
		{897F6FD8-6F90-48E4-95A5-B4429B896205}.Release|x86.ActiveCfg = Release|x86
		{897F6FD8-6F90-48E4-95A5-B4429B896205}.Release|x86.Build.0 = Release|x86
		{5EB52D3D-09FD-463A-B02A-8D9856BD3724}.Debug|Any CPU.ActiveCfg = Debug|Any CPU
		{5EB52D3D-09FD-463A-B02A-8D9856BD3724}.Debug|Any CPU.Build.0 = Debug|Any CPU
		{5EB52D3D-09FD-463A-B02A-8D9856BD3724}.Debug|testx64.ActiveCfg = Debug|Any CPU
		{5EB52D3D-09FD-463A-B02A-8D9856BD3724}.Debug|testx64.Build.0 = Debug|Any CPU
		{5EB52D3D-09FD-463A-B02A-8D9856BD3724}.Debug|x64.ActiveCfg = Debug|x64
		{5EB52D3D-09FD-463A-B02A-8D9856BD3724}.Debug|x64.Build.0 = Debug|x64
		{5EB52D3D-09FD-463A-B02A-8D9856BD3724}.Debug|x86.ActiveCfg = Debug|x86
		{5EB52D3D-09FD-463A-B02A-8D9856BD3724}.Debug|x86.Build.0 = Debug|x86
		{5EB52D3D-09FD-463A-B02A-8D9856BD3724}.Release|Any CPU.ActiveCfg = Release|Any CPU
		{5EB52D3D-09FD-463A-B02A-8D9856BD3724}.Release|Any CPU.Build.0 = Release|Any CPU
		{5EB52D3D-09FD-463A-B02A-8D9856BD3724}.Release|testx64.ActiveCfg = Release|Any CPU
		{5EB52D3D-09FD-463A-B02A-8D9856BD3724}.Release|testx64.Build.0 = Release|Any CPU
		{5EB52D3D-09FD-463A-B02A-8D9856BD3724}.Release|x64.ActiveCfg = Release|x64
		{5EB52D3D-09FD-463A-B02A-8D9856BD3724}.Release|x64.Build.0 = Release|x64
		{5EB52D3D-09FD-463A-B02A-8D9856BD3724}.Release|x86.ActiveCfg = Release|x86
		{5EB52D3D-09FD-463A-B02A-8D9856BD3724}.Release|x86.Build.0 = Release|x86
		{C602C47E-F379-40A3-A146-4F19105B3491}.Debug|Any CPU.ActiveCfg = Debug|Any CPU
		{C602C47E-F379-40A3-A146-4F19105B3491}.Debug|Any CPU.Build.0 = Debug|Any CPU
		{C602C47E-F379-40A3-A146-4F19105B3491}.Debug|testx64.ActiveCfg = Debug|Any CPU
		{C602C47E-F379-40A3-A146-4F19105B3491}.Debug|testx64.Build.0 = Debug|Any CPU
		{C602C47E-F379-40A3-A146-4F19105B3491}.Debug|x64.ActiveCfg = Debug|x64
		{C602C47E-F379-40A3-A146-4F19105B3491}.Debug|x64.Build.0 = Debug|x64
		{C602C47E-F379-40A3-A146-4F19105B3491}.Debug|x86.ActiveCfg = Debug|x86
		{C602C47E-F379-40A3-A146-4F19105B3491}.Debug|x86.Build.0 = Debug|x86
		{C602C47E-F379-40A3-A146-4F19105B3491}.Release|Any CPU.ActiveCfg = Release|Any CPU
		{C602C47E-F379-40A3-A146-4F19105B3491}.Release|Any CPU.Build.0 = Release|Any CPU
		{C602C47E-F379-40A3-A146-4F19105B3491}.Release|testx64.ActiveCfg = Release|Any CPU
		{C602C47E-F379-40A3-A146-4F19105B3491}.Release|testx64.Build.0 = Release|Any CPU
		{C602C47E-F379-40A3-A146-4F19105B3491}.Release|x64.ActiveCfg = Release|x64
		{C602C47E-F379-40A3-A146-4F19105B3491}.Release|x64.Build.0 = Release|x64
		{C602C47E-F379-40A3-A146-4F19105B3491}.Release|x86.ActiveCfg = Release|x86
		{C602C47E-F379-40A3-A146-4F19105B3491}.Release|x86.Build.0 = Release|x86
		{8459A2DE-38CC-4DA3-A0CB-BBDF199B021B}.Debug|Any CPU.ActiveCfg = Debug|Any CPU
		{8459A2DE-38CC-4DA3-A0CB-BBDF199B021B}.Debug|Any CPU.Build.0 = Debug|Any CPU
		{8459A2DE-38CC-4DA3-A0CB-BBDF199B021B}.Debug|testx64.ActiveCfg = Debug|Any CPU
		{8459A2DE-38CC-4DA3-A0CB-BBDF199B021B}.Debug|testx64.Build.0 = Debug|Any CPU
		{8459A2DE-38CC-4DA3-A0CB-BBDF199B021B}.Debug|x64.ActiveCfg = Debug|x64
		{8459A2DE-38CC-4DA3-A0CB-BBDF199B021B}.Debug|x64.Build.0 = Debug|x64
		{8459A2DE-38CC-4DA3-A0CB-BBDF199B021B}.Debug|x86.ActiveCfg = Debug|x86
		{8459A2DE-38CC-4DA3-A0CB-BBDF199B021B}.Debug|x86.Build.0 = Debug|x86
		{8459A2DE-38CC-4DA3-A0CB-BBDF199B021B}.Release|Any CPU.ActiveCfg = Release|Any CPU
		{8459A2DE-38CC-4DA3-A0CB-BBDF199B021B}.Release|Any CPU.Build.0 = Release|Any CPU
		{8459A2DE-38CC-4DA3-A0CB-BBDF199B021B}.Release|testx64.ActiveCfg = Release|Any CPU
		{8459A2DE-38CC-4DA3-A0CB-BBDF199B021B}.Release|testx64.Build.0 = Release|Any CPU
		{8459A2DE-38CC-4DA3-A0CB-BBDF199B021B}.Release|x64.ActiveCfg = Release|x64
		{8459A2DE-38CC-4DA3-A0CB-BBDF199B021B}.Release|x64.Build.0 = Release|x64
		{8459A2DE-38CC-4DA3-A0CB-BBDF199B021B}.Release|x86.ActiveCfg = Release|x86
		{8459A2DE-38CC-4DA3-A0CB-BBDF199B021B}.Release|x86.Build.0 = Release|x86
		{4BEEFBBA-6CB8-4DF7-ACD7-012DF66927DD}.Debug|Any CPU.ActiveCfg = Debug|Any CPU
		{4BEEFBBA-6CB8-4DF7-ACD7-012DF66927DD}.Debug|Any CPU.Build.0 = Debug|Any CPU
		{4BEEFBBA-6CB8-4DF7-ACD7-012DF66927DD}.Debug|testx64.ActiveCfg = Debug|x64
		{4BEEFBBA-6CB8-4DF7-ACD7-012DF66927DD}.Debug|testx64.Build.0 = Debug|x64
		{4BEEFBBA-6CB8-4DF7-ACD7-012DF66927DD}.Debug|x64.ActiveCfg = Debug|x64
		{4BEEFBBA-6CB8-4DF7-ACD7-012DF66927DD}.Debug|x64.Build.0 = Debug|x64
		{4BEEFBBA-6CB8-4DF7-ACD7-012DF66927DD}.Debug|x86.ActiveCfg = Debug|x86
		{4BEEFBBA-6CB8-4DF7-ACD7-012DF66927DD}.Debug|x86.Build.0 = Debug|x86
		{4BEEFBBA-6CB8-4DF7-ACD7-012DF66927DD}.Release|Any CPU.ActiveCfg = Release|Any CPU
		{4BEEFBBA-6CB8-4DF7-ACD7-012DF66927DD}.Release|Any CPU.Build.0 = Release|Any CPU
		{4BEEFBBA-6CB8-4DF7-ACD7-012DF66927DD}.Release|testx64.ActiveCfg = Release|Any CPU
		{4BEEFBBA-6CB8-4DF7-ACD7-012DF66927DD}.Release|testx64.Build.0 = Release|Any CPU
		{4BEEFBBA-6CB8-4DF7-ACD7-012DF66927DD}.Release|x64.ActiveCfg = Release|x64
		{4BEEFBBA-6CB8-4DF7-ACD7-012DF66927DD}.Release|x64.Build.0 = Release|x64
		{4BEEFBBA-6CB8-4DF7-ACD7-012DF66927DD}.Release|x86.ActiveCfg = Release|x86
		{4BEEFBBA-6CB8-4DF7-ACD7-012DF66927DD}.Release|x86.Build.0 = Release|x86
		{2539652B-1B12-4825-83BE-80B877C73FE9}.Debug|Any CPU.ActiveCfg = Debug|Any CPU
		{2539652B-1B12-4825-83BE-80B877C73FE9}.Debug|Any CPU.Build.0 = Debug|Any CPU
		{2539652B-1B12-4825-83BE-80B877C73FE9}.Debug|testx64.ActiveCfg = Debug|Any CPU
		{2539652B-1B12-4825-83BE-80B877C73FE9}.Debug|testx64.Build.0 = Debug|Any CPU
		{2539652B-1B12-4825-83BE-80B877C73FE9}.Debug|x64.ActiveCfg = Debug|x64
		{2539652B-1B12-4825-83BE-80B877C73FE9}.Debug|x64.Build.0 = Debug|x64
		{2539652B-1B12-4825-83BE-80B877C73FE9}.Debug|x86.ActiveCfg = Debug|x86
		{2539652B-1B12-4825-83BE-80B877C73FE9}.Debug|x86.Build.0 = Debug|x86
		{2539652B-1B12-4825-83BE-80B877C73FE9}.Release|Any CPU.ActiveCfg = Release|Any CPU
		{2539652B-1B12-4825-83BE-80B877C73FE9}.Release|Any CPU.Build.0 = Release|Any CPU
		{2539652B-1B12-4825-83BE-80B877C73FE9}.Release|testx64.ActiveCfg = Release|Any CPU
		{2539652B-1B12-4825-83BE-80B877C73FE9}.Release|testx64.Build.0 = Release|Any CPU
		{2539652B-1B12-4825-83BE-80B877C73FE9}.Release|x64.ActiveCfg = Release|x64
		{2539652B-1B12-4825-83BE-80B877C73FE9}.Release|x64.Build.0 = Release|x64
		{2539652B-1B12-4825-83BE-80B877C73FE9}.Release|x86.ActiveCfg = Release|x86
		{2539652B-1B12-4825-83BE-80B877C73FE9}.Release|x86.Build.0 = Release|x86
		{88A39337-8203-41AD-84FE-73A734282A18}.Debug|Any CPU.ActiveCfg = Debug|Any CPU
		{88A39337-8203-41AD-84FE-73A734282A18}.Debug|Any CPU.Build.0 = Debug|Any CPU
		{88A39337-8203-41AD-84FE-73A734282A18}.Debug|testx64.ActiveCfg = Debug|Any CPU
		{88A39337-8203-41AD-84FE-73A734282A18}.Debug|testx64.Build.0 = Debug|Any CPU
		{88A39337-8203-41AD-84FE-73A734282A18}.Debug|x64.ActiveCfg = Debug|x64
		{88A39337-8203-41AD-84FE-73A734282A18}.Debug|x64.Build.0 = Debug|x64
		{88A39337-8203-41AD-84FE-73A734282A18}.Debug|x86.ActiveCfg = Debug|x86
		{88A39337-8203-41AD-84FE-73A734282A18}.Debug|x86.Build.0 = Debug|x86
		{88A39337-8203-41AD-84FE-73A734282A18}.Release|Any CPU.ActiveCfg = Release|Any CPU
		{88A39337-8203-41AD-84FE-73A734282A18}.Release|Any CPU.Build.0 = Release|Any CPU
		{88A39337-8203-41AD-84FE-73A734282A18}.Release|testx64.ActiveCfg = Release|Any CPU
		{88A39337-8203-41AD-84FE-73A734282A18}.Release|testx64.Build.0 = Release|Any CPU
		{88A39337-8203-41AD-84FE-73A734282A18}.Release|x64.ActiveCfg = Release|Any CPU
		{88A39337-8203-41AD-84FE-73A734282A18}.Release|x64.Build.0 = Release|Any CPU
		{88A39337-8203-41AD-84FE-73A734282A18}.Release|x86.ActiveCfg = Release|Any CPU
		{88A39337-8203-41AD-84FE-73A734282A18}.Release|x86.Build.0 = Release|Any CPU
	EndGlobalSection
	GlobalSection(SolutionProperties) = preSolution
		HideSolutionNode = FALSE
	EndGlobalSection
	GlobalSection(NestedProjects) = preSolution
		{C602C47E-F379-40A3-A146-4F19105B3491} = {7E85C7E5-70BD-4C9D-B052-D95955F46609}
		{2539652B-1B12-4825-83BE-80B877C73FE9} = {7E85C7E5-70BD-4C9D-B052-D95955F46609}
		{88A39337-8203-41AD-84FE-73A734282A18} = {7E85C7E5-70BD-4C9D-B052-D95955F46609}
	EndGlobalSection
EndGlobal
